// !$*UTF8*$!
{
	archiveVersion = 1;
	classes = {
	};
	objectVersion = 56;
	objects = {

/* Begin PBXBuildFile section */
		245253542C29936A0042B135 /* ProfileView.swift in Sources */ = {isa = PBXBuildFile; fileRef = 245253532C29936A0042B135 /* ProfileView.swift */; };
		245253572C29AFF50042B135 /* Achievement.swift in Sources */ = {isa = PBXBuildFile; fileRef = 245253562C29AFF50042B135 /* Achievement.swift */; };
		245253592C29B1260042B135 /* AchievementsTitleView.swift in Sources */ = {isa = PBXBuildFile; fileRef = 245253582C29B1260042B135 /* AchievementsTitleView.swift */; };
		2452535B2C29BEF30042B135 /* AllAchievementsView.swift in Sources */ = {isa = PBXBuildFile; fileRef = 2452535A2C29BEF30042B135 /* AllAchievementsView.swift */; };
		2452535D2C2A645F0042B135 /* User.swift in Sources */ = {isa = PBXBuildFile; fileRef = 2452535C2C2A645F0042B135 /* User.swift */; };
		2452535F2C2A71FE0042B135 /* Avatar.swift in Sources */ = {isa = PBXBuildFile; fileRef = 2452535E2C2A71FE0042B135 /* Avatar.swift */; };
		245253712C2AB3580042B135 /* ModelContainerPreview.swift in Sources */ = {isa = PBXBuildFile; fileRef = 2452536F2C2AB3580042B135 /* ModelContainerPreview.swift */; };
		245253722C2AB3580042B135 /* Preview+ModelContainer.swift in Sources */ = {isa = PBXBuildFile; fileRef = 245253702C2AB3580042B135 /* Preview+ModelContainer.swift */; };
		24CB5EAC2C297EDE0013D1E2 /* Assets.xcassets in Resources */ = {isa = PBXBuildFile; fileRef = 24CB5E9C2C297EDD0013D1E2 /* Assets.xcassets */; };
		24CB5EB72C297F990013D1E2 /* HomeView.swift in Sources */ = {isa = PBXBuildFile; fileRef = 24CB5EB62C297F990013D1E2 /* HomeView.swift */; };
		24CB5EB92C297FAF0013D1E2 /* HomeViewModel.swift in Sources */ = {isa = PBXBuildFile; fileRef = 24CB5EB82C297FAF0013D1E2 /* HomeViewModel.swift */; };
		24CB5EBB2C297FE40013D1E2 /* IconViewNoShine.swift in Sources */ = {isa = PBXBuildFile; fileRef = 24CB5EBA2C297FE40013D1E2 /* IconViewNoShine.swift */; };
		24CB5EBD2C2980080013D1E2 /* IconView.swift in Sources */ = {isa = PBXBuildFile; fileRef = 24CB5EBC2C2980080013D1E2 /* IconView.swift */; };
		24CB5EBF2C29801B0013D1E2 /* Icon.swift in Sources */ = {isa = PBXBuildFile; fileRef = 24CB5EBE2C29801B0013D1E2 /* Icon.swift */; };
		24CB5EC12C2980300013D1E2 /* Seeder.swift in Sources */ = {isa = PBXBuildFile; fileRef = 24CB5EC02C2980300013D1E2 /* Seeder.swift */; };
		3A71912C2C23E548006F2516 /* HoneyDueApp.swift in Sources */ = {isa = PBXBuildFile; fileRef = 3A71912B2C23E548006F2516 /* HoneyDueApp.swift */; };
		3A7191332C23E549006F2516 /* Preview Assets.xcassets in Resources */ = {isa = PBXBuildFile; fileRef = 3A7191322C23E549006F2516 /* Preview Assets.xcassets */; };
/* End PBXBuildFile section */

/* Begin PBXFileReference section */
		245253532C29936A0042B135 /* ProfileView.swift */ = {isa = PBXFileReference; lastKnownFileType = sourcecode.swift; path = ProfileView.swift; sourceTree = "<group>"; };
		245253562C29AFF50042B135 /* Achievement.swift */ = {isa = PBXFileReference; lastKnownFileType = sourcecode.swift; path = Achievement.swift; sourceTree = "<group>"; };
		245253582C29B1260042B135 /* AchievementsTitleView.swift */ = {isa = PBXFileReference; lastKnownFileType = sourcecode.swift; path = AchievementsTitleView.swift; sourceTree = "<group>"; };
		2452535A2C29BEF30042B135 /* AllAchievementsView.swift */ = {isa = PBXFileReference; lastKnownFileType = sourcecode.swift; path = AllAchievementsView.swift; sourceTree = "<group>"; };
		2452535C2C2A645F0042B135 /* User.swift */ = {isa = PBXFileReference; lastKnownFileType = sourcecode.swift; path = User.swift; sourceTree = "<group>"; };
		2452535E2C2A71FE0042B135 /* Avatar.swift */ = {isa = PBXFileReference; lastKnownFileType = sourcecode.swift; path = Avatar.swift; sourceTree = "<group>"; };
		2452536F2C2AB3580042B135 /* ModelContainerPreview.swift */ = {isa = PBXFileReference; fileEncoding = 4; lastKnownFileType = sourcecode.swift; path = ModelContainerPreview.swift; sourceTree = "<group>"; };
		245253702C2AB3580042B135 /* Preview+ModelContainer.swift */ = {isa = PBXFileReference; fileEncoding = 4; lastKnownFileType = sourcecode.swift; path = "Preview+ModelContainer.swift"; sourceTree = "<group>"; };
		24CB5E9C2C297EDD0013D1E2 /* Assets.xcassets */ = {isa = PBXFileReference; lastKnownFileType = folder.assetcatalog; name = Assets.xcassets; path = ../../Mini2Test/Mini2Test/Assets.xcassets; sourceTree = "<group>"; };
		24CB5EB62C297F990013D1E2 /* HomeView.swift */ = {isa = PBXFileReference; lastKnownFileType = sourcecode.swift; path = HomeView.swift; sourceTree = "<group>"; };
		24CB5EB82C297FAF0013D1E2 /* HomeViewModel.swift */ = {isa = PBXFileReference; lastKnownFileType = sourcecode.swift; path = HomeViewModel.swift; sourceTree = "<group>"; };
		24CB5EBA2C297FE40013D1E2 /* IconViewNoShine.swift */ = {isa = PBXFileReference; lastKnownFileType = sourcecode.swift; path = IconViewNoShine.swift; sourceTree = "<group>"; };
		24CB5EBC2C2980080013D1E2 /* IconView.swift */ = {isa = PBXFileReference; lastKnownFileType = sourcecode.swift; path = IconView.swift; sourceTree = "<group>"; };
		24CB5EBE2C29801B0013D1E2 /* Icon.swift */ = {isa = PBXFileReference; lastKnownFileType = sourcecode.swift; path = Icon.swift; sourceTree = "<group>"; };
		24CB5EC02C2980300013D1E2 /* Seeder.swift */ = {isa = PBXFileReference; lastKnownFileType = sourcecode.swift; path = Seeder.swift; sourceTree = "<group>"; };
		3A7191282C23E548006F2516 /* HoneyDue.app */ = {isa = PBXFileReference; explicitFileType = wrapper.application; includeInIndex = 0; path = HoneyDue.app; sourceTree = BUILT_PRODUCTS_DIR; };
		3A71912B2C23E548006F2516 /* HoneyDueApp.swift */ = {isa = PBXFileReference; lastKnownFileType = sourcecode.swift; path = HoneyDueApp.swift; sourceTree = "<group>"; };
		3A7191322C23E549006F2516 /* Preview Assets.xcassets */ = {isa = PBXFileReference; lastKnownFileType = folder.assetcatalog; path = "Preview Assets.xcassets"; sourceTree = "<group>"; };
/* End PBXFileReference section */

/* Begin PBXFrameworksBuildPhase section */
		3A7191252C23E548006F2516 /* Frameworks */ = {
			isa = PBXFrameworksBuildPhase;
			buildActionMask = 2147483647;
			files = (
			);
			runOnlyForDeploymentPostprocessing = 0;
		};
/* End PBXFrameworksBuildPhase section */

/* Begin PBXGroup section */
		245253552C2993710042B135 /* Profile */ = {
			isa = PBXGroup;
			children = (
				245253532C29936A0042B135 /* ProfileView.swift */,
				2452535A2C29BEF30042B135 /* AllAchievementsView.swift */,
				245253582C29B1260042B135 /* AchievementsTitleView.swift */,
				2452536E2C2AB3580042B135 /* PreviewHelper */,
			);
			path = Profile;
			sourceTree = "<group>";
		};
		2452536E2C2AB3580042B135 /* PreviewHelper */ = {
			isa = PBXGroup;
			children = (
				2452536F2C2AB3580042B135 /* ModelContainerPreview.swift */,
				245253702C2AB3580042B135 /* Preview+ModelContainer.swift */,
			);
			path = PreviewHelper;
			sourceTree = "<group>";
		};
		24CB5E9D2C297EDD0013D1E2 /* IconStates */ = {
			isa = PBXGroup;
			children = (
				24CB5EBA2C297FE40013D1E2 /* IconViewNoShine.swift */,
				24CB5EBC2C2980080013D1E2 /* IconView.swift */,
			);
			path = IconStates;
			sourceTree = "<group>";
		};
		24CB5EA02C297EDD0013D1E2 /* Home */ = {
			isa = PBXGroup;
			children = (
				24CB5EB62C297F990013D1E2 /* HomeView.swift */,
				24CB5EB82C297FAF0013D1E2 /* HomeViewModel.swift */,
			);
			path = Home;
			sourceTree = "<group>";
		};
		24CB5EA62C297EDE0013D1E2 /* Model */ = {
			isa = PBXGroup;
			children = (
				24CB5EBE2C29801B0013D1E2 /* Icon.swift */,
				245253562C29AFF50042B135 /* Achievement.swift */,
				24CB5EC02C2980300013D1E2 /* Seeder.swift */,
				2452535C2C2A645F0042B135 /* User.swift */,
				2452535E2C2A71FE0042B135 /* Avatar.swift */,
			);
			path = Model;
			sourceTree = "<group>";
		};
		3A71911F2C23E548006F2516 = {
			isa = PBXGroup;
			children = (
				3A71912A2C23E548006F2516 /* HoneyDue */,
				3A7191292C23E548006F2516 /* Products */,
			);
			sourceTree = "<group>";
		};
		3A7191292C23E548006F2516 /* Products */ = {
			isa = PBXGroup;
			children = (
				3A7191282C23E548006F2516 /* HoneyDue.app */,
			);
			name = Products;
			sourceTree = "<group>";
		};
		3A71912A2C23E548006F2516 /* HoneyDue */ = {
			isa = PBXGroup;
			children = (
				3A71912B2C23E548006F2516 /* HoneyDueApp.swift */,
				24CB5E9C2C297EDD0013D1E2 /* Assets.xcassets */,
				24CB5EA02C297EDD0013D1E2 /* Home */,
				24CB5E9D2C297EDD0013D1E2 /* IconStates */,
				24CB5EA62C297EDE0013D1E2 /* Model */,
				245253552C2993710042B135 /* Profile */,
				3A7191312C23E549006F2516 /* Preview Content */,
			);
			path = HoneyDue;
			sourceTree = "<group>";
		};
		3A7191312C23E549006F2516 /* Preview Content */ = {
			isa = PBXGroup;
			children = (
				3A7191322C23E549006F2516 /* Preview Assets.xcassets */,
			);
			path = "Preview Content";
			sourceTree = "<group>";
		};
/* End PBXGroup section */

/* Begin PBXNativeTarget section */
		3A7191272C23E548006F2516 /* HoneyDue */ = {
			isa = PBXNativeTarget;
			buildConfigurationList = 3A7191362C23E549006F2516 /* Build configuration list for PBXNativeTarget "HoneyDue" */;
			buildPhases = (
				3A7191242C23E548006F2516 /* Sources */,
				3A7191252C23E548006F2516 /* Frameworks */,
				3A7191262C23E548006F2516 /* Resources */,
			);
			buildRules = (
			);
			dependencies = (
			);
			name = HoneyDue;
			productName = HoneyDue;
			productReference = 3A7191282C23E548006F2516 /* HoneyDue.app */;
			productType = "com.apple.product-type.application";
		};
/* End PBXNativeTarget section */

/* Begin PBXProject section */
		3A7191202C23E548006F2516 /* Project object */ = {
			isa = PBXProject;
			attributes = {
				BuildIndependentTargetsInParallel = 1;
				LastSwiftUpdateCheck = 1540;
				LastUpgradeCheck = 1540;
				TargetAttributes = {
					3A7191272C23E548006F2516 = {
						CreatedOnToolsVersion = 15.4;
					};
				};
			};
			buildConfigurationList = 3A7191232C23E548006F2516 /* Build configuration list for PBXProject "HoneyDue" */;
			compatibilityVersion = "Xcode 14.0";
			developmentRegion = en;
			hasScannedForEncodings = 0;
			knownRegions = (
				en,
				Base,
			);
			mainGroup = 3A71911F2C23E548006F2516;
			productRefGroup = 3A7191292C23E548006F2516 /* Products */;
			projectDirPath = "";
			projectRoot = "";
			targets = (
				3A7191272C23E548006F2516 /* HoneyDue */,
			);
		};
/* End PBXProject section */

/* Begin PBXResourcesBuildPhase section */
		3A7191262C23E548006F2516 /* Resources */ = {
			isa = PBXResourcesBuildPhase;
			buildActionMask = 2147483647;
			files = (
				3A7191332C23E549006F2516 /* Preview Assets.xcassets in Resources */,
				24CB5EAC2C297EDE0013D1E2 /* Assets.xcassets in Resources */,
			);
			runOnlyForDeploymentPostprocessing = 0;
		};
/* End PBXResourcesBuildPhase section */

/* Begin PBXSourcesBuildPhase section */
		3A7191242C23E548006F2516 /* Sources */ = {
			isa = PBXSourcesBuildPhase;
			buildActionMask = 2147483647;
			files = (
				245253542C29936A0042B135 /* ProfileView.swift in Sources */,
				2452535B2C29BEF30042B135 /* AllAchievementsView.swift in Sources */,
				245253712C2AB3580042B135 /* ModelContainerPreview.swift in Sources */,
				24CB5EBF2C29801B0013D1E2 /* Icon.swift in Sources */,
				24CB5EBD2C2980080013D1E2 /* IconView.swift in Sources */,
				24CB5EBB2C297FE40013D1E2 /* IconViewNoShine.swift in Sources */,
				3A71912C2C23E548006F2516 /* HoneyDueApp.swift in Sources */,
				24CB5EC12C2980300013D1E2 /* Seeder.swift in Sources */,
				24CB5EB92C297FAF0013D1E2 /* HomeViewModel.swift in Sources */,
				2452535F2C2A71FE0042B135 /* Avatar.swift in Sources */,
				2452535D2C2A645F0042B135 /* User.swift in Sources */,
				245253722C2AB3580042B135 /* Preview+ModelContainer.swift in Sources */,
				24CB5EB72C297F990013D1E2 /* HomeView.swift in Sources */,
				245253572C29AFF50042B135 /* Achievement.swift in Sources */,
				245253592C29B1260042B135 /* AchievementsTitleView.swift in Sources */,
			);
			runOnlyForDeploymentPostprocessing = 0;
		};
/* End PBXSourcesBuildPhase section */

/* Begin XCBuildConfiguration section */
		3A7191342C23E549006F2516 /* Debug */ = {
			isa = XCBuildConfiguration;
			buildSettings = {
				ALWAYS_SEARCH_USER_PATHS = NO;
				ASSETCATALOG_COMPILER_GENERATE_SWIFT_ASSET_SYMBOL_EXTENSIONS = YES;
				CLANG_ANALYZER_NONNULL = YES;
				CLANG_ANALYZER_NUMBER_OBJECT_CONVERSION = YES_AGGRESSIVE;
				CLANG_CXX_LANGUAGE_STANDARD = "gnu++20";
				CLANG_ENABLE_MODULES = YES;
				CLANG_ENABLE_OBJC_ARC = YES;
				CLANG_ENABLE_OBJC_WEAK = YES;
				CLANG_WARN_BLOCK_CAPTURE_AUTORELEASING = YES;
				CLANG_WARN_BOOL_CONVERSION = YES;
				CLANG_WARN_COMMA = YES;
				CLANG_WARN_CONSTANT_CONVERSION = YES;
				CLANG_WARN_DEPRECATED_OBJC_IMPLEMENTATIONS = YES;
				CLANG_WARN_DIRECT_OBJC_ISA_USAGE = YES_ERROR;
				CLANG_WARN_DOCUMENTATION_COMMENTS = YES;
				CLANG_WARN_EMPTY_BODY = YES;
				CLANG_WARN_ENUM_CONVERSION = YES;
				CLANG_WARN_INFINITE_RECURSION = YES;
				CLANG_WARN_INT_CONVERSION = YES;
				CLANG_WARN_NON_LITERAL_NULL_CONVERSION = YES;
				CLANG_WARN_OBJC_IMPLICIT_RETAIN_SELF = YES;
				CLANG_WARN_OBJC_LITERAL_CONVERSION = YES;
				CLANG_WARN_OBJC_ROOT_CLASS = YES_ERROR;
				CLANG_WARN_QUOTED_INCLUDE_IN_FRAMEWORK_HEADER = YES;
				CLANG_WARN_RANGE_LOOP_ANALYSIS = YES;
				CLANG_WARN_STRICT_PROTOTYPES = YES;
				CLANG_WARN_SUSPICIOUS_MOVE = YES;
				CLANG_WARN_UNGUARDED_AVAILABILITY = YES_AGGRESSIVE;
				CLANG_WARN_UNREACHABLE_CODE = YES;
				CLANG_WARN__DUPLICATE_METHOD_MATCH = YES;
				COPY_PHASE_STRIP = NO;
				DEBUG_INFORMATION_FORMAT = dwarf;
				ENABLE_STRICT_OBJC_MSGSEND = YES;
				ENABLE_TESTABILITY = YES;
				ENABLE_USER_SCRIPT_SANDBOXING = YES;
				GCC_C_LANGUAGE_STANDARD = gnu17;
				GCC_DYNAMIC_NO_PIC = NO;
				GCC_NO_COMMON_BLOCKS = YES;
				GCC_OPTIMIZATION_LEVEL = 0;
				GCC_PREPROCESSOR_DEFINITIONS = (
					"DEBUG=1",
					"$(inherited)",
				);
				GCC_WARN_64_TO_32_BIT_CONVERSION = YES;
				GCC_WARN_ABOUT_RETURN_TYPE = YES_ERROR;
				GCC_WARN_UNDECLARED_SELECTOR = YES;
				GCC_WARN_UNINITIALIZED_AUTOS = YES_AGGRESSIVE;
				GCC_WARN_UNUSED_FUNCTION = YES;
				GCC_WARN_UNUSED_VARIABLE = YES;
				IPHONEOS_DEPLOYMENT_TARGET = 17.5;
				LOCALIZATION_PREFERS_STRING_CATALOGS = YES;
				MTL_ENABLE_DEBUG_INFO = INCLUDE_SOURCE;
				MTL_FAST_MATH = YES;
				ONLY_ACTIVE_ARCH = YES;
				SDKROOT = iphoneos;
				SWIFT_ACTIVE_COMPILATION_CONDITIONS = "DEBUG $(inherited)";
				SWIFT_OPTIMIZATION_LEVEL = "-Onone";
			};
			name = Debug;
		};
		3A7191352C23E549006F2516 /* Release */ = {
			isa = XCBuildConfiguration;
			buildSettings = {
				ALWAYS_SEARCH_USER_PATHS = NO;
				ASSETCATALOG_COMPILER_GENERATE_SWIFT_ASSET_SYMBOL_EXTENSIONS = YES;
				CLANG_ANALYZER_NONNULL = YES;
				CLANG_ANALYZER_NUMBER_OBJECT_CONVERSION = YES_AGGRESSIVE;
				CLANG_CXX_LANGUAGE_STANDARD = "gnu++20";
				CLANG_ENABLE_MODULES = YES;
				CLANG_ENABLE_OBJC_ARC = YES;
				CLANG_ENABLE_OBJC_WEAK = YES;
				CLANG_WARN_BLOCK_CAPTURE_AUTORELEASING = YES;
				CLANG_WARN_BOOL_CONVERSION = YES;
				CLANG_WARN_COMMA = YES;
				CLANG_WARN_CONSTANT_CONVERSION = YES;
				CLANG_WARN_DEPRECATED_OBJC_IMPLEMENTATIONS = YES;
				CLANG_WARN_DIRECT_OBJC_ISA_USAGE = YES_ERROR;
				CLANG_WARN_DOCUMENTATION_COMMENTS = YES;
				CLANG_WARN_EMPTY_BODY = YES;
				CLANG_WARN_ENUM_CONVERSION = YES;
				CLANG_WARN_INFINITE_RECURSION = YES;
				CLANG_WARN_INT_CONVERSION = YES;
				CLANG_WARN_NON_LITERAL_NULL_CONVERSION = YES;
				CLANG_WARN_OBJC_IMPLICIT_RETAIN_SELF = YES;
				CLANG_WARN_OBJC_LITERAL_CONVERSION = YES;
				CLANG_WARN_OBJC_ROOT_CLASS = YES_ERROR;
				CLANG_WARN_QUOTED_INCLUDE_IN_FRAMEWORK_HEADER = YES;
				CLANG_WARN_RANGE_LOOP_ANALYSIS = YES;
				CLANG_WARN_STRICT_PROTOTYPES = YES;
				CLANG_WARN_SUSPICIOUS_MOVE = YES;
				CLANG_WARN_UNGUARDED_AVAILABILITY = YES_AGGRESSIVE;
				CLANG_WARN_UNREACHABLE_CODE = YES;
				CLANG_WARN__DUPLICATE_METHOD_MATCH = YES;
				COPY_PHASE_STRIP = NO;
				DEBUG_INFORMATION_FORMAT = "dwarf-with-dsym";
				ENABLE_NS_ASSERTIONS = NO;
				ENABLE_STRICT_OBJC_MSGSEND = YES;
				ENABLE_USER_SCRIPT_SANDBOXING = YES;
				GCC_C_LANGUAGE_STANDARD = gnu17;
				GCC_NO_COMMON_BLOCKS = YES;
				GCC_WARN_64_TO_32_BIT_CONVERSION = YES;
				GCC_WARN_ABOUT_RETURN_TYPE = YES_ERROR;
				GCC_WARN_UNDECLARED_SELECTOR = YES;
				GCC_WARN_UNINITIALIZED_AUTOS = YES_AGGRESSIVE;
				GCC_WARN_UNUSED_FUNCTION = YES;
				GCC_WARN_UNUSED_VARIABLE = YES;
				IPHONEOS_DEPLOYMENT_TARGET = 17.5;
				LOCALIZATION_PREFERS_STRING_CATALOGS = YES;
				MTL_ENABLE_DEBUG_INFO = NO;
				MTL_FAST_MATH = YES;
				SDKROOT = iphoneos;
				SWIFT_COMPILATION_MODE = wholemodule;
				VALIDATE_PRODUCT = YES;
			};
			name = Release;
		};
		3A7191372C23E549006F2516 /* Debug */ = {
			isa = XCBuildConfiguration;
			buildSettings = {
				ASSETCATALOG_COMPILER_APPICON_NAME = AppIcon;
				ASSETCATALOG_COMPILER_GLOBAL_ACCENT_COLOR_NAME = AccentColor;
				CODE_SIGN_STYLE = Automatic;
				CURRENT_PROJECT_VERSION = 1;
				DEVELOPMENT_ASSET_PATHS = "\"HoneyDue/Preview Content\"";
				DEVELOPMENT_TEAM = QJ4D5LRK3T;
				ENABLE_PREVIEWS = YES;
				GENERATE_INFOPLIST_FILE = YES;
				INFOPLIST_KEY_UIApplicationSceneManifest_Generation = YES;
				INFOPLIST_KEY_UIApplicationSupportsIndirectInputEvents = YES;
				INFOPLIST_KEY_UILaunchScreen_Generation = YES;
				INFOPLIST_KEY_UISupportedInterfaceOrientations_iPad = "UIInterfaceOrientationPortrait UIInterfaceOrientationPortraitUpsideDown UIInterfaceOrientationLandscapeLeft UIInterfaceOrientationLandscapeRight";
				INFOPLIST_KEY_UISupportedInterfaceOrientations_iPhone = "UIInterfaceOrientationPortrait UIInterfaceOrientationLandscapeLeft UIInterfaceOrientationLandscapeRight";
				IPHONEOS_DEPLOYMENT_TARGET = 17.2;
				LD_RUNPATH_SEARCH_PATHS = (
					"$(inherited)",
					"@executable_path/Frameworks",
				);
				MARKETING_VERSION = 1.0;
				PRODUCT_BUNDLE_IDENTIFIER = com.dikidwid.HoneyDue;
				PRODUCT_NAME = "$(TARGET_NAME)";
				SWIFT_EMIT_LOC_STRINGS = YES;
				SWIFT_VERSION = 5.0;
				TARGETED_DEVICE_FAMILY = "1,2";
			};
			name = Debug;
		};
		3A7191382C23E549006F2516 /* Release */ = {
			isa = XCBuildConfiguration;
			buildSettings = {
				ASSETCATALOG_COMPILER_APPICON_NAME = AppIcon;
				ASSETCATALOG_COMPILER_GLOBAL_ACCENT_COLOR_NAME = AccentColor;
				CODE_SIGN_STYLE = Automatic;
				CURRENT_PROJECT_VERSION = 1;
				DEVELOPMENT_ASSET_PATHS = "\"HoneyDue/Preview Content\"";
				DEVELOPMENT_TEAM = QJ4D5LRK3T;
				ENABLE_PREVIEWS = YES;
				GENERATE_INFOPLIST_FILE = YES;
				INFOPLIST_KEY_UIApplicationSceneManifest_Generation = YES;
				INFOPLIST_KEY_UIApplicationSupportsIndirectInputEvents = YES;
				INFOPLIST_KEY_UILaunchScreen_Generation = YES;
				INFOPLIST_KEY_UISupportedInterfaceOrientations_iPad = "UIInterfaceOrientationPortrait UIInterfaceOrientationPortraitUpsideDown UIInterfaceOrientationLandscapeLeft UIInterfaceOrientationLandscapeRight";
				INFOPLIST_KEY_UISupportedInterfaceOrientations_iPhone = "UIInterfaceOrientationPortrait UIInterfaceOrientationLandscapeLeft UIInterfaceOrientationLandscapeRight";
				IPHONEOS_DEPLOYMENT_TARGET = 17.2;
				LD_RUNPATH_SEARCH_PATHS = (
					"$(inherited)",
					"@executable_path/Frameworks",
				);
				MARKETING_VERSION = 1.0;
				PRODUCT_BUNDLE_IDENTIFIER = com.dikidwid.HoneyDue;
				PRODUCT_NAME = "$(TARGET_NAME)";
				SWIFT_EMIT_LOC_STRINGS = YES;
				SWIFT_VERSION = 5.0;
				TARGETED_DEVICE_FAMILY = "1,2";
			};
			name = Release;
		};
/* End XCBuildConfiguration section */

/* Begin XCConfigurationList section */
		3A7191232C23E548006F2516 /* Build configuration list for PBXProject "HoneyDue" */ = {
			isa = XCConfigurationList;
			buildConfigurations = (
				3A7191342C23E549006F2516 /* Debug */,
				3A7191352C23E549006F2516 /* Release */,
			);
			defaultConfigurationIsVisible = 0;
			defaultConfigurationName = Release;
		};
		3A7191362C23E549006F2516 /* Build configuration list for PBXNativeTarget "HoneyDue" */ = {
			isa = XCConfigurationList;
			buildConfigurations = (
				3A7191372C23E549006F2516 /* Debug */,
				3A7191382C23E549006F2516 /* Release */,
			);
			defaultConfigurationIsVisible = 0;
			defaultConfigurationName = Release;
		};
/* End XCConfigurationList section */
	};
	rootObject = 3A7191202C23E548006F2516 /* Project object */;
}
