// !$*UTF8*$!
{
	archiveVersion = 1;
	classes = {
	};
	objectVersion = 56;
	objects = {

/* Begin PBXBuildFile section */
		2316BF922C2B2A1B005242A7 /* OnboardingView.swift in Sources */ = {isa = PBXBuildFile; fileRef = 2316BF912C2B2A1B005242A7 /* OnboardingView.swift */; };
		2316BF942C2B4526005242A7 /* SetCategoryView.swift in Sources */ = {isa = PBXBuildFile; fileRef = 2316BF932C2B4526005242A7 /* SetCategoryView.swift */; };
		2316BF962C2BAF83005242A7 /* SetBudgetView.swift in Sources */ = {isa = PBXBuildFile; fileRef = 2316BF952C2BAF83005242A7 /* SetBudgetView.swift */; };
		23DC0F832C2BBC9F0079003A /* KeyboardResponder.swift in Sources */ = {isa = PBXBuildFile; fileRef = 23DC0F822C2BBC9F0079003A /* KeyboardResponder.swift */; };
		23DC0F852C2BC76B0079003A /* ConfirmationView.swift in Sources */ = {isa = PBXBuildFile; fileRef = 23DC0F842C2BC76B0079003A /* ConfirmationView.swift */; };
		3A71912C2C23E548006F2516 /* HoneyDueApp.swift in Sources */ = {isa = PBXBuildFile; fileRef = 3A71912B2C23E548006F2516 /* HoneyDueApp.swift */; };
		3A71912E2C23E548006F2516 /* ContentView.swift in Sources */ = {isa = PBXBuildFile; fileRef = 3A71912D2C23E548006F2516 /* ContentView.swift */; };
		3A7191302C23E549006F2516 /* Assets.xcassets in Resources */ = {isa = PBXBuildFile; fileRef = 3A71912F2C23E549006F2516 /* Assets.xcassets */; };
		3A7191332C23E549006F2516 /* Preview Assets.xcassets in Resources */ = {isa = PBXBuildFile; fileRef = 3A7191322C23E549006F2516 /* Preview Assets.xcassets */; };
		3AF497112C2A9372005051FF /* AddExpenseView.swift in Sources */ = {isa = PBXBuildFile; fileRef = 3AF496F92C2A9371005051FF /* AddExpenseView.swift */; };
		3AF497122C2A9372005051FF /* ExpenseCategoryListView.swift in Sources */ = {isa = PBXBuildFile; fileRef = 3AF496FA2C2A9371005051FF /* ExpenseCategoryListView.swift */; };
		3AF497132C2A9372005051FF /* ExpenseDetailView.swift in Sources */ = {isa = PBXBuildFile; fileRef = 3AF496FB2C2A9371005051FF /* ExpenseDetailView.swift */; };
		3AF497142C2A9372005051FF /* CGFloat+Extension.swift in Sources */ = {isa = PBXBuildFile; fileRef = 3AF496FD2C2A9371005051FF /* CGFloat+Extension.swift */; };
		3AF497152C2A9372005051FF /* Color+Extension.swift in Sources */ = {isa = PBXBuildFile; fileRef = 3AF496FE2C2A9371005051FF /* Color+Extension.swift */; };
		3AF497162C2A9372005051FF /* String+Extension.swift in Sources */ = {isa = PBXBuildFile; fileRef = 3AF496FF2C2A9371005051FF /* String+Extension.swift */; };
		3AF497172C2A9372005051FF /* ModelContainerPreview.swift in Sources */ = {isa = PBXBuildFile; fileRef = 3AF497012C2A9371005051FF /* ModelContainerPreview.swift */; };
		3AF497182C2A9372005051FF /* Preview+ModelContainer.swift in Sources */ = {isa = PBXBuildFile; fileRef = 3AF497022C2A9371005051FF /* Preview+ModelContainer.swift */; };
		3AF497192C2A9372005051FF /* Category.swift in Sources */ = {isa = PBXBuildFile; fileRef = 3AF497052C2A9371005051FF /* Category.swift */; };
		3AF4971A2C2A9372005051FF /* Expense.swift in Sources */ = {isa = PBXBuildFile; fileRef = 3AF497062C2A9371005051FF /* Expense.swift */; };
		3AF4971B2C2A9372005051FF /* Notification.swift in Sources */ = {isa = PBXBuildFile; fileRef = 3AF497072C2A9371005051FF /* Notification.swift */; };
		3AF4971C2C2A9372005051FF /* CurrencyFieldView.swift in Sources */ = {isa = PBXBuildFile; fileRef = 3AF497092C2A9371005051FF /* CurrencyFieldView.swift */; };
		3AF4971D2C2A9372005051FF /* CustomButtonView.swift in Sources */ = {isa = PBXBuildFile; fileRef = 3AF4970A2C2A9371005051FF /* CustomButtonView.swift */; };
		3AF4971E2C2A9372005051FF /* CustomTextFieldView.swift in Sources */ = {isa = PBXBuildFile; fileRef = 3AF4970B2C2A9371005051FF /* CustomTextFieldView.swift */; };
		3AF4971F2C2A9372005051FF /* ExpenseListView.swift in Sources */ = {isa = PBXBuildFile; fileRef = 3AF4970C2C2A9371005051FF /* ExpenseListView.swift */; };
		3AF497202C2A9372005051FF /* ExpenseRowView.swift in Sources */ = {isa = PBXBuildFile; fileRef = 3AF4970D2C2A9371005051FF /* ExpenseRowView.swift */; };
		3AF497212C2A9372005051FF /* NotificationView.swift in Sources */ = {isa = PBXBuildFile; fileRef = 3AF4970E2C2A9371005051FF /* NotificationView.swift */; };
		3AF497222C2A9372005051FF /* ProgressBarView.swift in Sources */ = {isa = PBXBuildFile; fileRef = 3AF4970F2C2A9371005051FF /* ProgressBarView.swift */; };
/* End PBXBuildFile section */

/* Begin PBXFileReference section */
		2316BF912C2B2A1B005242A7 /* OnboardingView.swift */ = {isa = PBXFileReference; lastKnownFileType = sourcecode.swift; path = OnboardingView.swift; sourceTree = "<group>"; };
		2316BF932C2B4526005242A7 /* SetCategoryView.swift */ = {isa = PBXFileReference; lastKnownFileType = sourcecode.swift; path = SetCategoryView.swift; sourceTree = "<group>"; };
		2316BF952C2BAF83005242A7 /* SetBudgetView.swift */ = {isa = PBXFileReference; lastKnownFileType = sourcecode.swift; path = SetBudgetView.swift; sourceTree = "<group>"; };
		23DC0F822C2BBC9F0079003A /* KeyboardResponder.swift */ = {isa = PBXFileReference; lastKnownFileType = sourcecode.swift; path = KeyboardResponder.swift; sourceTree = "<group>"; };
		23DC0F842C2BC76B0079003A /* ConfirmationView.swift */ = {isa = PBXFileReference; lastKnownFileType = sourcecode.swift; path = ConfirmationView.swift; sourceTree = "<group>"; };
		3A7191282C23E548006F2516 /* HoneyDue.app */ = {isa = PBXFileReference; explicitFileType = wrapper.application; includeInIndex = 0; path = HoneyDue.app; sourceTree = BUILT_PRODUCTS_DIR; };
		3A71912B2C23E548006F2516 /* HoneyDueApp.swift */ = {isa = PBXFileReference; lastKnownFileType = sourcecode.swift; path = HoneyDueApp.swift; sourceTree = "<group>"; };
		3A71912D2C23E548006F2516 /* ContentView.swift */ = {isa = PBXFileReference; lastKnownFileType = sourcecode.swift; path = ContentView.swift; sourceTree = "<group>"; };
		3A71912F2C23E549006F2516 /* Assets.xcassets */ = {isa = PBXFileReference; lastKnownFileType = folder.assetcatalog; path = Assets.xcassets; sourceTree = "<group>"; };
		3A7191322C23E549006F2516 /* Preview Assets.xcassets */ = {isa = PBXFileReference; lastKnownFileType = folder.assetcatalog; path = "Preview Assets.xcassets"; sourceTree = "<group>"; };
		3AF496F92C2A9371005051FF /* AddExpenseView.swift */ = {isa = PBXFileReference; fileEncoding = 4; lastKnownFileType = sourcecode.swift; path = AddExpenseView.swift; sourceTree = "<group>"; };
		3AF496FA2C2A9371005051FF /* ExpenseCategoryListView.swift */ = {isa = PBXFileReference; fileEncoding = 4; lastKnownFileType = sourcecode.swift; path = ExpenseCategoryListView.swift; sourceTree = "<group>"; };
		3AF496FB2C2A9371005051FF /* ExpenseDetailView.swift */ = {isa = PBXFileReference; fileEncoding = 4; lastKnownFileType = sourcecode.swift; path = ExpenseDetailView.swift; sourceTree = "<group>"; };
		3AF496FD2C2A9371005051FF /* CGFloat+Extension.swift */ = {isa = PBXFileReference; fileEncoding = 4; lastKnownFileType = sourcecode.swift; path = "CGFloat+Extension.swift"; sourceTree = "<group>"; };
		3AF496FE2C2A9371005051FF /* Color+Extension.swift */ = {isa = PBXFileReference; fileEncoding = 4; lastKnownFileType = sourcecode.swift; path = "Color+Extension.swift"; sourceTree = "<group>"; };
		3AF496FF2C2A9371005051FF /* String+Extension.swift */ = {isa = PBXFileReference; fileEncoding = 4; lastKnownFileType = sourcecode.swift; path = "String+Extension.swift"; sourceTree = "<group>"; };
		3AF497012C2A9371005051FF /* ModelContainerPreview.swift */ = {isa = PBXFileReference; fileEncoding = 4; lastKnownFileType = sourcecode.swift; path = ModelContainerPreview.swift; sourceTree = "<group>"; };
		3AF497022C2A9371005051FF /* Preview+ModelContainer.swift */ = {isa = PBXFileReference; fileEncoding = 4; lastKnownFileType = sourcecode.swift; path = "Preview+ModelContainer.swift"; sourceTree = "<group>"; };
		3AF497052C2A9371005051FF /* Category.swift */ = {isa = PBXFileReference; fileEncoding = 4; lastKnownFileType = sourcecode.swift; path = Category.swift; sourceTree = "<group>"; };
		3AF497062C2A9371005051FF /* Expense.swift */ = {isa = PBXFileReference; fileEncoding = 4; lastKnownFileType = sourcecode.swift; path = Expense.swift; sourceTree = "<group>"; };
		3AF497072C2A9371005051FF /* Notification.swift */ = {isa = PBXFileReference; fileEncoding = 4; lastKnownFileType = sourcecode.swift; path = Notification.swift; sourceTree = "<group>"; };
		3AF497092C2A9371005051FF /* CurrencyFieldView.swift */ = {isa = PBXFileReference; fileEncoding = 4; lastKnownFileType = sourcecode.swift; path = CurrencyFieldView.swift; sourceTree = "<group>"; };
		3AF4970A2C2A9371005051FF /* CustomButtonView.swift */ = {isa = PBXFileReference; fileEncoding = 4; lastKnownFileType = sourcecode.swift; path = CustomButtonView.swift; sourceTree = "<group>"; };
		3AF4970B2C2A9371005051FF /* CustomTextFieldView.swift */ = {isa = PBXFileReference; fileEncoding = 4; lastKnownFileType = sourcecode.swift; path = CustomTextFieldView.swift; sourceTree = "<group>"; };
		3AF4970C2C2A9371005051FF /* ExpenseListView.swift */ = {isa = PBXFileReference; fileEncoding = 4; lastKnownFileType = sourcecode.swift; path = ExpenseListView.swift; sourceTree = "<group>"; };
		3AF4970D2C2A9371005051FF /* ExpenseRowView.swift */ = {isa = PBXFileReference; fileEncoding = 4; lastKnownFileType = sourcecode.swift; path = ExpenseRowView.swift; sourceTree = "<group>"; };
		3AF4970E2C2A9371005051FF /* NotificationView.swift */ = {isa = PBXFileReference; fileEncoding = 4; lastKnownFileType = sourcecode.swift; path = NotificationView.swift; sourceTree = "<group>"; };
		3AF4970F2C2A9371005051FF /* ProgressBarView.swift */ = {isa = PBXFileReference; fileEncoding = 4; lastKnownFileType = sourcecode.swift; path = ProgressBarView.swift; sourceTree = "<group>"; };
/* End PBXFileReference section */

/* Begin PBXFrameworksBuildPhase section */
		3A7191252C23E548006F2516 /* Frameworks */ = {
			isa = PBXFrameworksBuildPhase;
			buildActionMask = 2147483647;
			files = (
			);
			runOnlyForDeploymentPostprocessing = 0;
		};
/* End PBXFrameworksBuildPhase section */

/* Begin PBXGroup section */
		2316BF8F2C2AC88E005242A7 /* Tutorial */ = {
			isa = PBXGroup;
			children = (
				2316BF932C2B4526005242A7 /* SetCategoryView.swift */,
				2316BF952C2BAF83005242A7 /* SetBudgetView.swift */,
				23DC0F842C2BC76B0079003A /* ConfirmationView.swift */,
			);
			path = Tutorial;
			sourceTree = "<group>";
		};
		2316BF902C2AC89A005242A7 /* Onboarding */ = {
			isa = PBXGroup;
			children = (
				2316BF912C2B2A1B005242A7 /* OnboardingView.swift */,
			);
			path = Onboarding;
			sourceTree = "<group>";
		};
		3A71911F2C23E548006F2516 = {
			isa = PBXGroup;
			children = (
				3A71912A2C23E548006F2516 /* HoneyDue */,
				3A7191292C23E548006F2516 /* Products */,
			);
			sourceTree = "<group>";
		};
		3A7191292C23E548006F2516 /* Products */ = {
			isa = PBXGroup;
			children = (
				3A7191282C23E548006F2516 /* HoneyDue.app */,
			);
			name = Products;
			sourceTree = "<group>";
		};
		3A71912A2C23E548006F2516 /* HoneyDue */ = {
			isa = PBXGroup;
			children = (
				3AF497082C2A9371005051FF /* Models */,
				3AF497102C2A9371005051FF /* Views */,
				3AF496FC2C2A9371005051FF /* Screens */,
				3AF497042C2A9371005051FF /* Helpers */,
				3A71912B2C23E548006F2516 /* HoneyDueApp.swift */,
				3A71912D2C23E548006F2516 /* ContentView.swift */,
				3A71912F2C23E549006F2516 /* Assets.xcassets */,
				3A7191312C23E549006F2516 /* Preview Content */,
			);
			path = HoneyDue;
			sourceTree = "<group>";
		};
		3A7191312C23E549006F2516 /* Preview Content */ = {
			isa = PBXGroup;
			children = (
				3A7191322C23E549006F2516 /* Preview Assets.xcassets */,
			);
			path = "Preview Content";
			sourceTree = "<group>";
		};
		3AF496FC2C2A9371005051FF /* Screens */ = {
			isa = PBXGroup;
			children = (
				3AF496F92C2A9371005051FF /* AddExpenseView.swift */,
				3AF496FA2C2A9371005051FF /* ExpenseCategoryListView.swift */,
				3AF496FB2C2A9371005051FF /* ExpenseDetailView.swift */,
				2316BF902C2AC89A005242A7 /* Onboarding */,
				2316BF8F2C2AC88E005242A7 /* Tutorial */,
			);
			path = Screens;
			sourceTree = "<group>";
		};
		3AF497002C2A9371005051FF /* Extensions */ = {
			isa = PBXGroup;
			children = (
				3AF496FD2C2A9371005051FF /* CGFloat+Extension.swift */,
				3AF496FE2C2A9371005051FF /* Color+Extension.swift */,
				3AF496FF2C2A9371005051FF /* String+Extension.swift */,
			);
			path = Extensions;
			sourceTree = "<group>";
		};
		3AF497032C2A9371005051FF /* PreviewHelper */ = {
			isa = PBXGroup;
			children = (
				3AF497012C2A9371005051FF /* ModelContainerPreview.swift */,
				3AF497022C2A9371005051FF /* Preview+ModelContainer.swift */,
				23DC0F822C2BBC9F0079003A /* KeyboardResponder.swift */,
			);
			path = PreviewHelper;
			sourceTree = "<group>";
		};
		3AF497042C2A9371005051FF /* Helpers */ = {
			isa = PBXGroup;
			children = (
				3AF497002C2A9371005051FF /* Extensions */,
				3AF497032C2A9371005051FF /* PreviewHelper */,
			);
			path = Helpers;
			sourceTree = "<group>";
		};
		3AF497082C2A9371005051FF /* Models */ = {
			isa = PBXGroup;
			children = (
				3AF497052C2A9371005051FF /* Category.swift */,
				3AF497062C2A9371005051FF /* Expense.swift */,
				3AF497072C2A9371005051FF /* Notification.swift */,
			);
			path = Models;
			sourceTree = "<group>";
		};
		3AF497102C2A9371005051FF /* Views */ = {
			isa = PBXGroup;
			children = (
				3AF497092C2A9371005051FF /* CurrencyFieldView.swift */,
				3AF4970A2C2A9371005051FF /* CustomButtonView.swift */,
				3AF4970B2C2A9371005051FF /* CustomTextFieldView.swift */,
				3AF4970C2C2A9371005051FF /* ExpenseListView.swift */,
				3AF4970D2C2A9371005051FF /* ExpenseRowView.swift */,
				3AF4970E2C2A9371005051FF /* NotificationView.swift */,
				3AF4970F2C2A9371005051FF /* ProgressBarView.swift */,
			);
			path = Views;
			sourceTree = "<group>";
		};
/* End PBXGroup section */

/* Begin PBXNativeTarget section */
		3A7191272C23E548006F2516 /* HoneyDue */ = {
			isa = PBXNativeTarget;
			buildConfigurationList = 3A7191362C23E549006F2516 /* Build configuration list for PBXNativeTarget "HoneyDue" */;
			buildPhases = (
				3A7191242C23E548006F2516 /* Sources */,
				3A7191252C23E548006F2516 /* Frameworks */,
				3A7191262C23E548006F2516 /* Resources */,
			);
			buildRules = (
			);
			dependencies = (
			);
			name = HoneyDue;
			productName = HoneyDue;
			productReference = 3A7191282C23E548006F2516 /* HoneyDue.app */;
			productType = "com.apple.product-type.application";
		};
/* End PBXNativeTarget section */

/* Begin PBXProject section */
		3A7191202C23E548006F2516 /* Project object */ = {
			isa = PBXProject;
			attributes = {
				BuildIndependentTargetsInParallel = 1;
				LastSwiftUpdateCheck = 1540;
				LastUpgradeCheck = 1540;
				TargetAttributes = {
					3A7191272C23E548006F2516 = {
						CreatedOnToolsVersion = 15.4;
					};
				};
			};
			buildConfigurationList = 3A7191232C23E548006F2516 /* Build configuration list for PBXProject "HoneyDue" */;
			compatibilityVersion = "Xcode 14.0";
			developmentRegion = en;
			hasScannedForEncodings = 0;
			knownRegions = (
				en,
				Base,
			);
			mainGroup = 3A71911F2C23E548006F2516;
			productRefGroup = 3A7191292C23E548006F2516 /* Products */;
			projectDirPath = "";
			projectRoot = "";
			targets = (
				3A7191272C23E548006F2516 /* HoneyDue */,
			);
		};
/* End PBXProject section */

/* Begin PBXResourcesBuildPhase section */
		3A7191262C23E548006F2516 /* Resources */ = {
			isa = PBXResourcesBuildPhase;
			buildActionMask = 2147483647;
			files = (
				3A7191332C23E549006F2516 /* Preview Assets.xcassets in Resources */,
				3A7191302C23E549006F2516 /* Assets.xcassets in Resources */,
			);
			runOnlyForDeploymentPostprocessing = 0;
		};
/* End PBXResourcesBuildPhase section */

/* Begin PBXSourcesBuildPhase section */
		3A7191242C23E548006F2516 /* Sources */ = {
			isa = PBXSourcesBuildPhase;
			buildActionMask = 2147483647;
			files = (
				3AF4971D2C2A9372005051FF /* CustomButtonView.swift in Sources */,
				2316BF962C2BAF83005242A7 /* SetBudgetView.swift in Sources */,
				3AF4971A2C2A9372005051FF /* Expense.swift in Sources */,
				3AF497162C2A9372005051FF /* String+Extension.swift in Sources */,
				3AF4971E2C2A9372005051FF /* CustomTextFieldView.swift in Sources */,
				23DC0F832C2BBC9F0079003A /* KeyboardResponder.swift in Sources */,
				3AF497202C2A9372005051FF /* ExpenseRowView.swift in Sources */,
				3AF497112C2A9372005051FF /* AddExpenseView.swift in Sources */,
				2316BF922C2B2A1B005242A7 /* OnboardingView.swift in Sources */,
				2316BF942C2B4526005242A7 /* SetCategoryView.swift in Sources */,
				23DC0F852C2BC76B0079003A /* ConfirmationView.swift in Sources */,
				3AF497152C2A9372005051FF /* Color+Extension.swift in Sources */,
				3AF497122C2A9372005051FF /* ExpenseCategoryListView.swift in Sources */,
				3AF497142C2A9372005051FF /* CGFloat+Extension.swift in Sources */,
				3AF497222C2A9372005051FF /* ProgressBarView.swift in Sources */,
				3AF497132C2A9372005051FF /* ExpenseDetailView.swift in Sources */,
				3AF4971B2C2A9372005051FF /* Notification.swift in Sources */,
				3AF4971F2C2A9372005051FF /* ExpenseListView.swift in Sources */,
				3AF497182C2A9372005051FF /* Preview+ModelContainer.swift in Sources */,
				3A71912E2C23E548006F2516 /* ContentView.swift in Sources */,
				3AF4971C2C2A9372005051FF /* CurrencyFieldView.swift in Sources */,
				3AF497172C2A9372005051FF /* ModelContainerPreview.swift in Sources */,
				3A71912C2C23E548006F2516 /* HoneyDueApp.swift in Sources */,
				3AF497212C2A9372005051FF /* NotificationView.swift in Sources */,
				3AF497192C2A9372005051FF /* Category.swift in Sources */,
			);
			runOnlyForDeploymentPostprocessing = 0;
		};
/* End PBXSourcesBuildPhase section */

/* Begin XCBuildConfiguration section */
		3A7191342C23E549006F2516 /* Debug */ = {
			isa = XCBuildConfiguration;
			buildSettings = {
				ALWAYS_SEARCH_USER_PATHS = NO;
				ASSETCATALOG_COMPILER_GENERATE_SWIFT_ASSET_SYMBOL_EXTENSIONS = YES;
				CLANG_ANALYZER_NONNULL = YES;
				CLANG_ANALYZER_NUMBER_OBJECT_CONVERSION = YES_AGGRESSIVE;
				CLANG_CXX_LANGUAGE_STANDARD = "gnu++20";
				CLANG_ENABLE_MODULES = YES;
				CLANG_ENABLE_OBJC_ARC = YES;
				CLANG_ENABLE_OBJC_WEAK = YES;
				CLANG_WARN_BLOCK_CAPTURE_AUTORELEASING = YES;
				CLANG_WARN_BOOL_CONVERSION = YES;
				CLANG_WARN_COMMA = YES;
				CLANG_WARN_CONSTANT_CONVERSION = YES;
				CLANG_WARN_DEPRECATED_OBJC_IMPLEMENTATIONS = YES;
				CLANG_WARN_DIRECT_OBJC_ISA_USAGE = YES_ERROR;
				CLANG_WARN_DOCUMENTATION_COMMENTS = YES;
				CLANG_WARN_EMPTY_BODY = YES;
				CLANG_WARN_ENUM_CONVERSION = YES;
				CLANG_WARN_INFINITE_RECURSION = YES;
				CLANG_WARN_INT_CONVERSION = YES;
				CLANG_WARN_NON_LITERAL_NULL_CONVERSION = YES;
				CLANG_WARN_OBJC_IMPLICIT_RETAIN_SELF = YES;
				CLANG_WARN_OBJC_LITERAL_CONVERSION = YES;
				CLANG_WARN_OBJC_ROOT_CLASS = YES_ERROR;
				CLANG_WARN_QUOTED_INCLUDE_IN_FRAMEWORK_HEADER = YES;
				CLANG_WARN_RANGE_LOOP_ANALYSIS = YES;
				CLANG_WARN_STRICT_PROTOTYPES = YES;
				CLANG_WARN_SUSPICIOUS_MOVE = YES;
				CLANG_WARN_UNGUARDED_AVAILABILITY = YES_AGGRESSIVE;
				CLANG_WARN_UNREACHABLE_CODE = YES;
				CLANG_WARN__DUPLICATE_METHOD_MATCH = YES;
				COPY_PHASE_STRIP = NO;
				DEBUG_INFORMATION_FORMAT = dwarf;
				ENABLE_STRICT_OBJC_MSGSEND = YES;
				ENABLE_TESTABILITY = YES;
				ENABLE_USER_SCRIPT_SANDBOXING = YES;
				GCC_C_LANGUAGE_STANDARD = gnu17;
				GCC_DYNAMIC_NO_PIC = NO;
				GCC_NO_COMMON_BLOCKS = YES;
				GCC_OPTIMIZATION_LEVEL = 0;
				GCC_PREPROCESSOR_DEFINITIONS = (
					"DEBUG=1",
					"$(inherited)",
				);
				GCC_WARN_64_TO_32_BIT_CONVERSION = YES;
				GCC_WARN_ABOUT_RETURN_TYPE = YES_ERROR;
				GCC_WARN_UNDECLARED_SELECTOR = YES;
				GCC_WARN_UNINITIALIZED_AUTOS = YES_AGGRESSIVE;
				GCC_WARN_UNUSED_FUNCTION = YES;
				GCC_WARN_UNUSED_VARIABLE = YES;
				IPHONEOS_DEPLOYMENT_TARGET = 17.5;
				LOCALIZATION_PREFERS_STRING_CATALOGS = YES;
				MTL_ENABLE_DEBUG_INFO = INCLUDE_SOURCE;
				MTL_FAST_MATH = YES;
				ONLY_ACTIVE_ARCH = YES;
				SDKROOT = iphoneos;
				SWIFT_ACTIVE_COMPILATION_CONDITIONS = "DEBUG $(inherited)";
				SWIFT_OPTIMIZATION_LEVEL = "-Onone";
			};
			name = Debug;
		};
		3A7191352C23E549006F2516 /* Release */ = {
			isa = XCBuildConfiguration;
			buildSettings = {
				ALWAYS_SEARCH_USER_PATHS = NO;
				ASSETCATALOG_COMPILER_GENERATE_SWIFT_ASSET_SYMBOL_EXTENSIONS = YES;
				CLANG_ANALYZER_NONNULL = YES;
				CLANG_ANALYZER_NUMBER_OBJECT_CONVERSION = YES_AGGRESSIVE;
				CLANG_CXX_LANGUAGE_STANDARD = "gnu++20";
				CLANG_ENABLE_MODULES = YES;
				CLANG_ENABLE_OBJC_ARC = YES;
				CLANG_ENABLE_OBJC_WEAK = YES;
				CLANG_WARN_BLOCK_CAPTURE_AUTORELEASING = YES;
				CLANG_WARN_BOOL_CONVERSION = YES;
				CLANG_WARN_COMMA = YES;
				CLANG_WARN_CONSTANT_CONVERSION = YES;
				CLANG_WARN_DEPRECATED_OBJC_IMPLEMENTATIONS = YES;
				CLANG_WARN_DIRECT_OBJC_ISA_USAGE = YES_ERROR;
				CLANG_WARN_DOCUMENTATION_COMMENTS = YES;
				CLANG_WARN_EMPTY_BODY = YES;
				CLANG_WARN_ENUM_CONVERSION = YES;
				CLANG_WARN_INFINITE_RECURSION = YES;
				CLANG_WARN_INT_CONVERSION = YES;
				CLANG_WARN_NON_LITERAL_NULL_CONVERSION = YES;
				CLANG_WARN_OBJC_IMPLICIT_RETAIN_SELF = YES;
				CLANG_WARN_OBJC_LITERAL_CONVERSION = YES;
				CLANG_WARN_OBJC_ROOT_CLASS = YES_ERROR;
				CLANG_WARN_QUOTED_INCLUDE_IN_FRAMEWORK_HEADER = YES;
				CLANG_WARN_RANGE_LOOP_ANALYSIS = YES;
				CLANG_WARN_STRICT_PROTOTYPES = YES;
				CLANG_WARN_SUSPICIOUS_MOVE = YES;
				CLANG_WARN_UNGUARDED_AVAILABILITY = YES_AGGRESSIVE;
				CLANG_WARN_UNREACHABLE_CODE = YES;
				CLANG_WARN__DUPLICATE_METHOD_MATCH = YES;
				COPY_PHASE_STRIP = NO;
				DEBUG_INFORMATION_FORMAT = "dwarf-with-dsym";
				ENABLE_NS_ASSERTIONS = NO;
				ENABLE_STRICT_OBJC_MSGSEND = YES;
				ENABLE_USER_SCRIPT_SANDBOXING = YES;
				GCC_C_LANGUAGE_STANDARD = gnu17;
				GCC_NO_COMMON_BLOCKS = YES;
				GCC_WARN_64_TO_32_BIT_CONVERSION = YES;
				GCC_WARN_ABOUT_RETURN_TYPE = YES_ERROR;
				GCC_WARN_UNDECLARED_SELECTOR = YES;
				GCC_WARN_UNINITIALIZED_AUTOS = YES_AGGRESSIVE;
				GCC_WARN_UNUSED_FUNCTION = YES;
				GCC_WARN_UNUSED_VARIABLE = YES;
				IPHONEOS_DEPLOYMENT_TARGET = 17.5;
				LOCALIZATION_PREFERS_STRING_CATALOGS = YES;
				MTL_ENABLE_DEBUG_INFO = NO;
				MTL_FAST_MATH = YES;
				SDKROOT = iphoneos;
				SWIFT_COMPILATION_MODE = wholemodule;
				VALIDATE_PRODUCT = YES;
			};
			name = Release;
		};
		3A7191372C23E549006F2516 /* Debug */ = {
			isa = XCBuildConfiguration;
			buildSettings = {
				ASSETCATALOG_COMPILER_APPICON_NAME = AppIcon;
				ASSETCATALOG_COMPILER_GLOBAL_ACCENT_COLOR_NAME = AccentColor;
				CODE_SIGN_STYLE = Automatic;
				CURRENT_PROJECT_VERSION = 1;
				DEVELOPMENT_ASSET_PATHS = "\"HoneyDue/Preview Content\"";
				DEVELOPMENT_TEAM = 9RHVW943AV;
				ENABLE_PREVIEWS = YES;
				GENERATE_INFOPLIST_FILE = YES;
				INFOPLIST_KEY_UIApplicationSceneManifest_Generation = YES;
				INFOPLIST_KEY_UIApplicationSupportsIndirectInputEvents = YES;
				INFOPLIST_KEY_UILaunchScreen_Generation = YES;
				INFOPLIST_KEY_UISupportedInterfaceOrientations_iPad = "UIInterfaceOrientationPortrait UIInterfaceOrientationPortraitUpsideDown UIInterfaceOrientationLandscapeLeft UIInterfaceOrientationLandscapeRight";
				INFOPLIST_KEY_UISupportedInterfaceOrientations_iPhone = "UIInterfaceOrientationPortrait UIInterfaceOrientationLandscapeLeft UIInterfaceOrientationLandscapeRight";
				IPHONEOS_DEPLOYMENT_TARGET = 17.2;
				LD_RUNPATH_SEARCH_PATHS = (
					"$(inherited)",
					"@executable_path/Frameworks",
				);
				MARKETING_VERSION = 1.0;
				PRODUCT_BUNDLE_IDENTIFIER = com.dikidwid.HoneyDue;
				PRODUCT_NAME = "$(TARGET_NAME)";
				SWIFT_EMIT_LOC_STRINGS = YES;
				SWIFT_VERSION = 5.0;
				TARGETED_DEVICE_FAMILY = "1,2";
			};
			name = Debug;
		};
		3A7191382C23E549006F2516 /* Release */ = {
			isa = XCBuildConfiguration;
			buildSettings = {
				ASSETCATALOG_COMPILER_APPICON_NAME = AppIcon;
				ASSETCATALOG_COMPILER_GLOBAL_ACCENT_COLOR_NAME = AccentColor;
				CODE_SIGN_STYLE = Automatic;
				CURRENT_PROJECT_VERSION = 1;
				DEVELOPMENT_ASSET_PATHS = "\"HoneyDue/Preview Content\"";
				DEVELOPMENT_TEAM = 9RHVW943AV;
				ENABLE_PREVIEWS = YES;
				GENERATE_INFOPLIST_FILE = YES;
				INFOPLIST_KEY_UIApplicationSceneManifest_Generation = YES;
				INFOPLIST_KEY_UIApplicationSupportsIndirectInputEvents = YES;
				INFOPLIST_KEY_UILaunchScreen_Generation = YES;
				INFOPLIST_KEY_UISupportedInterfaceOrientations_iPad = "UIInterfaceOrientationPortrait UIInterfaceOrientationPortraitUpsideDown UIInterfaceOrientationLandscapeLeft UIInterfaceOrientationLandscapeRight";
				INFOPLIST_KEY_UISupportedInterfaceOrientations_iPhone = "UIInterfaceOrientationPortrait UIInterfaceOrientationLandscapeLeft UIInterfaceOrientationLandscapeRight";
				IPHONEOS_DEPLOYMENT_TARGET = 17.2;
				LD_RUNPATH_SEARCH_PATHS = (
					"$(inherited)",
					"@executable_path/Frameworks",
				);
				MARKETING_VERSION = 1.0;
				PRODUCT_BUNDLE_IDENTIFIER = com.dikidwid.HoneyDue;
				PRODUCT_NAME = "$(TARGET_NAME)";
				SWIFT_EMIT_LOC_STRINGS = YES;
				SWIFT_VERSION = 5.0;
				TARGETED_DEVICE_FAMILY = "1,2";
			};
			name = Release;
		};
/* End XCBuildConfiguration section */

/* Begin XCConfigurationList section */
		3A7191232C23E548006F2516 /* Build configuration list for PBXProject "HoneyDue" */ = {
			isa = XCConfigurationList;
			buildConfigurations = (
				3A7191342C23E549006F2516 /* Debug */,
				3A7191352C23E549006F2516 /* Release */,
			);
			defaultConfigurationIsVisible = 0;
			defaultConfigurationName = Release;
		};
		3A7191362C23E549006F2516 /* Build configuration list for PBXNativeTarget "HoneyDue" */ = {
			isa = XCConfigurationList;
			buildConfigurations = (
				3A7191372C23E549006F2516 /* Debug */,
				3A7191382C23E549006F2516 /* Release */,
			);
			defaultConfigurationIsVisible = 0;
			defaultConfigurationName = Release;
		};
/* End XCConfigurationList section */
	};
	rootObject = 3A7191202C23E548006F2516 /* Project object */;
}
